
Microsoft Visual Studio Solution File, Format Version 12.00
# Visual Studio Version 17
VisualStudioVersion = 17.2.32616.157
MinimumVisualStudioVersion = 10.0.40219.1
Project("{FAE04EC0-301F-11D3-BF4B-00C04F79EFBC}") = "HttpConsoleClient", "HttpConsoleClient.csproj", "{165F4E6E-1DE7-4EB0-B958-3732945EA727}"
EndProject
Global
	GlobalSection(SolutionConfigurationPlatforms) = preSolution
		Debug|Any CPU = Debug|Any CPU
		Release|Any CPU = Release|Any CPU
	EndGlobalSection
	GlobalSection(ProjectConfigurationPlatforms) = postSolution
		{165F4E6E-1DE7-4EB0-B958-3732945EA727}.Debug|Any CPU.ActiveCfg = Debug|Any CPU
		{165F4E6E-1DE7-4EB0-B958-3732945EA727}.Debug|Any CPU.Build.0 = Debug|Any CPU
		{165F4E6E-1DE7-4EB0-B958-3732945EA727}.Release|Any CPU.ActiveCfg = Release|Any CPU
		{165F4E6E-1DE7-4EB0-B958-3732945EA727}.Release|Any CPU.Build.0 = Release|Any CPU
	EndGlobalSection
	GlobalSection(SolutionProperties) = preSolution
		HideSolutionNode = FALSE
	EndGlobalSection
	GlobalSection(ExtensibilityGlobals) = postSolution
		SolutionGuid = {D34A8DDA-A5B9-48EF-836C-BA12CE7139A6}
	EndGlobalSection
EndGlobal
